schema: '2.0'
stages:
  data_ingestion:
    cmd: python src/data/data_ingestion.py
    deps:
    - path: src/data/data_ingestion.py
      md5: 820effcb6f585856ef632822469eb7f7
      size: 3351
    params:
      params.yaml:
        data_ingestion.test_size: 0.2
    outs:
    - path: data/raw
      md5: 6d7c9717b531961233cd66af69381384.dir
      size: 827973
      nfiles: 2
  data_preprocessing:
    cmd: python src/data/data_preprocessing.py
    deps:
    - path: data/raw
      md5: 6d7c9717b531961233cd66af69381384.dir
      size: 827973
      nfiles: 2
    - path: src/data/data_preprocessing.py
      md5: 067091dedd36b0db52328ef34a5f5573
      size: 2434
    outs:
    - path: data/processed
      md5: c96d4902d0dfdbe4403375c28549585b.dir
      size: 622138
      nfiles: 2
  feature_engineering:
    cmd: python src/features/feature_engineering.py
    deps:
    - path: data/processed
      md5: c96d4902d0dfdbe4403375c28549585b.dir
      size: 622138
      nfiles: 2
    - path: src/features/feature_engineering.py
      md5: ec8fd9b0ba5ecfd5648681764f9b2c2c
      size: 1343
    params:
      params.yaml:
        feature_engineering.max_features: 10
    outs:
    - path: data/features
      md5: b96ff8c4875ae3e13070a0adf118f3a4.dir
      size: 288308
      nfiles: 2
  model_building:
    cmd: python src/models/model_building.py
    deps:
    - path: data/features
      md5: b96ff8c4875ae3e13070a0adf118f3a4.dir
      size: 288308
      nfiles: 2
    - path: src/models/model_building.py
      md5: a7cc078f57e6cfd78f12ab2bef2e8771
      size: 613
    params:
      params.yaml:
        model_building.learning_rate: 0.1
        model_building.n_estimators: 100
    outs:
    - path: model.pkl
      md5: 45d7f8fe0ba08448382920daf650fec0
      size: 118490
  model_evaluation:
    cmd: python src/models/model_evaluation.py
    deps:
    - path: model.pkl
      md5: 45d7f8fe0ba08448382920daf650fec0
      size: 118490
    - path: src/models/model_evaluation.py
      md5: 36e9126fe15c726532a0e582d55e1ea6
      size: 855
    outs:
    - path: metrics.json
      md5: a4acf57342fe9104bca3c11b4e0b7289
      size: 145
