schema: '2.0'
stages:
  data_ingestion:
    cmd: python src/data/data_ingestion.py
    deps:
    - path: src/data/data_ingestion.py
      md5: 820effcb6f585856ef632822469eb7f7
      size: 3351
    params:
      params.yaml:
        data_ingestion.test_size: 0.2
    outs:
    - path: data/raw
      md5: 6d7c9717b531961233cd66af69381384.dir
      size: 827973
      nfiles: 2
  data_preprocessing:
    cmd: python src/data/data_preprocessing.py
    deps:
    - path: data/raw
      md5: 6d7c9717b531961233cd66af69381384.dir
      size: 827973
      nfiles: 2
    - path: src/data/data_preprocessing.py
      md5: 067091dedd36b0db52328ef34a5f5573
      size: 2434
    outs:
    - path: data/processed
      md5: c96d4902d0dfdbe4403375c28549585b.dir
      size: 622138
      nfiles: 2
  feature_engineering:
    cmd: python src/features/feature_engineering.py
    deps:
    - path: data/processed
      md5: c96d4902d0dfdbe4403375c28549585b.dir
      size: 622138
      nfiles: 2
    - path: src/features/feature_engineering.py
      md5: b8573ca9b854886b7a89444018a8d713
      size: 1364
    params:
      params.yaml:
        feature_engineering.max_features: 50
    outs:
    - path: data/features
      md5: 909e843003ec584a381ae80ba45d6f79.dir
      size: 2378782
      nfiles: 2
  model_building:
    cmd: python src/models/model_building.py
    deps:
    - path: data/features
      md5: 909e843003ec584a381ae80ba45d6f79.dir
      size: 2378782
      nfiles: 2
    - path: src/models/model_building.py
      md5: 2cf8b6a33ba2788258d795d0bfff5f24
      size: 615
    params:
      params.yaml:
        model_building.learning_rate: 0.1
        model_building.n_estimators: 100
    outs:
    - path: model.pkl
      md5: cb34f114b37c0f2b601097ae779632f4
      size: 122330
  model_evaluation:
    cmd: python src/models/model_evaluation.py
    deps:
    - path: model.pkl
      md5: cb34f114b37c0f2b601097ae779632f4
      size: 122330
    - path: src/models/model_evaluation.py
      md5: d93d53ccc970c49a03097b2d6e9b1899
      size: 857
    outs:
    - path: metrics.json
      md5: bc0899f6b9280a00477ed7dbb3632006
      size: 143
